
Microsoft Visual Studio Solution File, Format Version 12.00
# Visual Studio 15
VisualStudioVersion = 15.0.28307.1082
MinimumVisualStudioVersion = 10.0.40219.1
Project("{FAE04EC0-301F-11D3-BF4B-00C04F79EFBC}") = "IRF_07_QPAZY7", "IRF_07_QPAZY7\IRF_07_QPAZY7.csproj", "{C680452C-D8FA-4C88-B929-66825C2A88D6}"
EndProject
Global
	GlobalSection(SolutionConfigurationPlatforms) = preSolution
		Debug|Any CPU = Debug|Any CPU
		Release|Any CPU = Release|Any CPU
	EndGlobalSection
	GlobalSection(ProjectConfigurationPlatforms) = postSolution
		{C680452C-D8FA-4C88-B929-66825C2A88D6}.Debug|Any CPU.ActiveCfg = Debug|Any CPU
		{C680452C-D8FA-4C88-B929-66825C2A88D6}.Debug|Any CPU.Build.0 = Debug|Any CPU
		{C680452C-D8FA-4C88-B929-66825C2A88D6}.Release|Any CPU.ActiveCfg = Release|Any CPU
		{C680452C-D8FA-4C88-B929-66825C2A88D6}.Release|Any CPU.Build.0 = Release|Any CPU
	EndGlobalSection
	GlobalSection(SolutionProperties) = preSolution
		HideSolutionNode = FALSE
	EndGlobalSection
	GlobalSection(ExtensibilityGlobals) = postSolution
		SolutionGuid = {97834CE7-DCE9-41AD-B7D4-BE8F90FE8217}
	EndGlobalSection
EndGlobal
